
Microsoft Visual Studio Solution File, Format Version 12.00
# Visual Studio Version 17
VisualStudioVersion = 17.5.33414.496
MinimumVisualStudioVersion = 10.0.40219.1
Project("{FAE04EC0-301F-11D3-BF4B-00C04F79EFBC}") = "FirstAPI_net7", "FirstAPI_net7\FirstAPI_net7.csproj", "{1FA376FE-B6FD-4CDA-88CF-6F1D5B2FC8FE}"
EndProject
Global
	GlobalSection(SolutionConfigurationPlatforms) = preSolution
		Debug|Any CPU = Debug|Any CPU
		Release|Any CPU = Release|Any CPU
	EndGlobalSection
	GlobalSection(ProjectConfigurationPlatforms) = postSolution
		{1FA376FE-B6FD-4CDA-88CF-6F1D5B2FC8FE}.Debug|Any CPU.ActiveCfg = Debug|Any CPU
		{1FA376FE-B6FD-4CDA-88CF-6F1D5B2FC8FE}.Debug|Any CPU.Build.0 = Debug|Any CPU
		{1FA376FE-B6FD-4CDA-88CF-6F1D5B2FC8FE}.Release|Any CPU.ActiveCfg = Release|Any CPU
		{1FA376FE-B6FD-4CDA-88CF-6F1D5B2FC8FE}.Release|Any CPU.Build.0 = Release|Any CPU
	EndGlobalSection
	GlobalSection(SolutionProperties) = preSolution
		HideSolutionNode = FALSE
	EndGlobalSection
	GlobalSection(ExtensibilityGlobals) = postSolution
		SolutionGuid = {E70FCF9C-AC6C-4CC2-9906-44A27DCF3DB2}
	EndGlobalSection
EndGlobal
